
Microsoft Visual Studio Solution File, Format Version 12.00
# Visual Studio Version 17
VisualStudioVersion = 17.1.32319.34
MinimumVisualStudioVersion = 10.0.40219.1
Project("{FAE04EC0-301F-11D3-BF4B-00C04F79EFBC}") = "LaboratorioMVC", "LaboratorioMVC\LaboratorioMVC.csproj", "{26C68F95-00ED-4458-AAFF-15AD3A295CBD}"
EndProject
Global
	GlobalSection(SolutionConfigurationPlatforms) = preSolution
		Debug|Any CPU = Debug|Any CPU
		Release|Any CPU = Release|Any CPU
	EndGlobalSection
	GlobalSection(ProjectConfigurationPlatforms) = postSolution
		{26C68F95-00ED-4458-AAFF-15AD3A295CBD}.Debug|Any CPU.ActiveCfg = Debug|Any CPU
		{26C68F95-00ED-4458-AAFF-15AD3A295CBD}.Debug|Any CPU.Build.0 = Debug|Any CPU
		{26C68F95-00ED-4458-AAFF-15AD3A295CBD}.Release|Any CPU.ActiveCfg = Release|Any CPU
		{26C68F95-00ED-4458-AAFF-15AD3A295CBD}.Release|Any CPU.Build.0 = Release|Any CPU
	EndGlobalSection
	GlobalSection(SolutionProperties) = preSolution
		HideSolutionNode = FALSE
	EndGlobalSection
	GlobalSection(ExtensibilityGlobals) = postSolution
		SolutionGuid = {9D5653FC-28B0-4F13-944C-35EAA717A7F3}
	EndGlobalSection
EndGlobal
